
Microsoft Visual Studio Solution File, Format Version 12.00
# Visual Studio Version 17
VisualStudioVersion = 17.9.34723.18
MinimumVisualStudioVersion = 10.0.40219.1
Project("{FAE04EC0-301F-11D3-BF4B-00C04F79EFBC}") = "WbApiDemo3_22_5", "WbApiDemo3_22_5\WbApiDemo3_22_5.csproj", "{687DF13C-3E00-4036-94EC-4C315CE81504}"
EndProject
Global
	GlobalSection(SolutionConfigurationPlatforms) = preSolution
		Debug|Any CPU = Debug|Any CPU
		Release|Any CPU = Release|Any CPU
	EndGlobalSection
	GlobalSection(ProjectConfigurationPlatforms) = postSolution
		{687DF13C-3E00-4036-94EC-4C315CE81504}.Debug|Any CPU.ActiveCfg = Debug|Any CPU
		{687DF13C-3E00-4036-94EC-4C315CE81504}.Debug|Any CPU.Build.0 = Debug|Any CPU
		{687DF13C-3E00-4036-94EC-4C315CE81504}.Release|Any CPU.ActiveCfg = Release|Any CPU
		{687DF13C-3E00-4036-94EC-4C315CE81504}.Release|Any CPU.Build.0 = Release|Any CPU
	EndGlobalSection
	GlobalSection(SolutionProperties) = preSolution
		HideSolutionNode = FALSE
	EndGlobalSection
	GlobalSection(ExtensibilityGlobals) = postSolution
		SolutionGuid = {F7ACA2A5-63DC-4EDF-9997-DA2741317208}
	EndGlobalSection
EndGlobal
